// !$*UTF8*$!
{
	archiveVersion = 1;
	classes = {
	};
	objectVersion = 46;
	objects = {

/* Begin PBXBuildFile section */
		CB1121CF1E184A630001FB85 /* AppDelegate.swift in Sources */ = {isa = PBXBuildFile; fileRef = CB1121CE1E184A630001FB85 /* AppDelegate.swift */; };
		CB1121D71E184A630001FB85 /* ViewController.swift in Sources */ = {isa = PBXBuildFile; fileRef = CB1121D61E184A630001FB85 /* ViewController.swift */; };
		CB1121D91E184A630001FB85 /* Assets.xcassets in Resources */ = {isa = PBXBuildFile; fileRef = CB1121D81E184A630001FB85 /* Assets.xcassets */; };
		CB1121DC1E184A630001FB85 /* Main.storyboard in Resources */ = {isa = PBXBuildFile; fileRef = CB1121DA1E184A630001FB85 /* Main.storyboard */; };
		CB495CCA1E19844C00284473 /* GameScene.swift in Sources */ = {isa = PBXBuildFile; fileRef = CB495CC91E19844C00284473 /* GameScene.swift */; };
		CB495CCC1E1984A400284473 /* Player.swift in Sources */ = {isa = PBXBuildFile; fileRef = CB495CCB1E1984A400284473 /* Player.swift */; };
		CB495CCD1E1986C600284473 /* AntlerKit.framework in Frameworks */ = {isa = PBXBuildFile; fileRef = CB495CC61E19839600284473 /* AntlerKit.framework */; };
		CB495CCE1E1986C600284473 /* AntlerKit.framework in Embed Frameworks */ = {isa = PBXBuildFile; fileRef = CB495CC61E19839600284473 /* AntlerKit.framework */; settings = {ATTRIBUTES = (CodeSignOnCopy, RemoveHeadersOnCopy, ); }; };
/* End PBXBuildFile section */

/* Begin PBXContainerItemProxy section */
		CB495CC31E19839600284473 /* PBXContainerItemProxy */ = {
			isa = PBXContainerItemProxy;
			containerPortal = CB1121E31E184A9B0001FB85 /* AntlerKit.xcodeproj */;
			proxyType = 2;
			remoteGlobalIDString = CB11216F1E1846D10001FB85;
			remoteInfo = "AntlerKit-iOS";
		};
		CB495CC51E19839600284473 /* PBXContainerItemProxy */ = {
			isa = PBXContainerItemProxy;
			containerPortal = CB1121E31E184A9B0001FB85 /* AntlerKit.xcodeproj */;
			proxyType = 2;
			remoteGlobalIDString = CB11217C1E1846E20001FB85;
			remoteInfo = "AntlerKit-macOS";
		};
		CB495CC71E19840D00284473 /* PBXContainerItemProxy */ = {
			isa = PBXContainerItemProxy;
			containerPortal = CB1121E31E184A9B0001FB85 /* AntlerKit.xcodeproj */;
			proxyType = 1;
			remoteGlobalIDString = CB11217B1E1846E20001FB85;
			remoteInfo = "AntlerKit-macOS";
		};
		CB495CCF1E1986C600284473 /* PBXContainerItemProxy */ = {
			isa = PBXContainerItemProxy;
			containerPortal = CB1121E31E184A9B0001FB85 /* AntlerKit.xcodeproj */;
			proxyType = 1;
			remoteGlobalIDString = CB11217B1E1846E20001FB85;
			remoteInfo = "AntlerKit-macOS";
		};
		CB9B27D01EB3E033008F0A84 /* PBXContainerItemProxy */ = {
			isa = PBXContainerItemProxy;
			containerPortal = CB1121E31E184A9B0001FB85 /* AntlerKit.xcodeproj */;
			proxyType = 2;
			remoteGlobalIDString = CBE96D651E1C7BF2008C0CD1;
			remoteInfo = AntlerKitTests;
		};
/* End PBXContainerItemProxy section */

/* Begin PBXCopyFilesBuildPhase section */
		CB495CD11E1986C600284473 /* Embed Frameworks */ = {
			isa = PBXCopyFilesBuildPhase;
			buildActionMask = 2147483647;
			dstPath = "";
			dstSubfolderSpec = 10;
			files = (
				CB495CCE1E1986C600284473 /* AntlerKit.framework in Embed Frameworks */,
			);
			name = "Embed Frameworks";
			runOnlyForDeploymentPostprocessing = 0;
		};
/* End PBXCopyFilesBuildPhase section */

/* Begin PBXFileReference section */
		CB1121CB1E184A630001FB85 /* Example Game.app */ = {isa = PBXFileReference; explicitFileType = wrapper.application; includeInIndex = 0; path = "Example Game.app"; sourceTree = BUILT_PRODUCTS_DIR; };
		CB1121CE1E184A630001FB85 /* AppDelegate.swift */ = {isa = PBXFileReference; lastKnownFileType = sourcecode.swift; path = AppDelegate.swift; sourceTree = "<group>"; };
		CB1121D61E184A630001FB85 /* ViewController.swift */ = {isa = PBXFileReference; lastKnownFileType = sourcecode.swift; path = ViewController.swift; sourceTree = "<group>"; };
		CB1121D81E184A630001FB85 /* Assets.xcassets */ = {isa = PBXFileReference; lastKnownFileType = folder.assetcatalog; path = Assets.xcassets; sourceTree = "<group>"; };
		CB1121DB1E184A630001FB85 /* Base */ = {isa = PBXFileReference; lastKnownFileType = file.storyboard; name = Base; path = Base.lproj/Main.storyboard; sourceTree = "<group>"; };
		CB1121DD1E184A630001FB85 /* Info.plist */ = {isa = PBXFileReference; lastKnownFileType = text.plist.xml; path = Info.plist; sourceTree = "<group>"; };
		CB1121E31E184A9B0001FB85 /* AntlerKit.xcodeproj */ = {isa = PBXFileReference; lastKnownFileType = "wrapper.pb-project"; name = AntlerKit.xcodeproj; path = ../../Framework/AntlerKit.xcodeproj; sourceTree = "<group>"; };
		CB495CC91E19844C00284473 /* GameScene.swift */ = {isa = PBXFileReference; fileEncoding = 4; lastKnownFileType = sourcecode.swift; path = GameScene.swift; sourceTree = "<group>"; };
		CB495CCB1E1984A400284473 /* Player.swift */ = {isa = PBXFileReference; fileEncoding = 4; lastKnownFileType = sourcecode.swift; path = Player.swift; sourceTree = "<group>"; };
/* End PBXFileReference section */

/* Begin PBXFrameworksBuildPhase section */
		CB1121C81E184A630001FB85 /* Frameworks */ = {
			isa = PBXFrameworksBuildPhase;
			buildActionMask = 2147483647;
			files = (
				CB495CCD1E1986C600284473 /* AntlerKit.framework in Frameworks */,
			);
			runOnlyForDeploymentPostprocessing = 0;
		};
/* End PBXFrameworksBuildPhase section */

/* Begin PBXGroup section */
		CB1121C21E184A630001FB85 = {
			isa = PBXGroup;
			children = (
				CB1121E31E184A9B0001FB85 /* AntlerKit.xcodeproj */,
				CB1121CD1E184A630001FB85 /* Example Game */,
				CB1121CC1E184A630001FB85 /* Products */,
			);
			sourceTree = "<group>";
		};
		CB1121CC1E184A630001FB85 /* Products */ = {
			isa = PBXGroup;
			children = (
				CB1121CB1E184A630001FB85 /* Example Game.app */,
			);
			name = Products;
			sourceTree = "<group>";
		};
		CB1121CD1E184A630001FB85 /* Example Game */ = {
			isa = PBXGroup;
			children = (
				CB1121CE1E184A630001FB85 /* AppDelegate.swift */,
				CB1121D61E184A630001FB85 /* ViewController.swift */,
				CB495CC91E19844C00284473 /* GameScene.swift */,
				CB495CCB1E1984A400284473 /* Player.swift */,
				CB1121D81E184A630001FB85 /* Assets.xcassets */,
				CB1121DA1E184A630001FB85 /* Main.storyboard */,
				CB1121DD1E184A630001FB85 /* Info.plist */,
			);
			path = "Example Game";
			sourceTree = "<group>";
		};
		CB495CBF1E19839500284473 /* Products */ = {
			isa = PBXGroup;
			children = (
				CB495CC41E19839600284473 /* AntlerKit.framework */,
				CB495CC61E19839600284473 /* AntlerKit.framework */,
				CB9B27D11EB3E033008F0A84 /* AntlerKitTests.xctest */,
			);
			name = Products;
			sourceTree = "<group>";
		};
/* End PBXGroup section */

/* Begin PBXNativeTarget section */
		CB1121CA1E184A630001FB85 /* Example Game */ = {
			isa = PBXNativeTarget;
			buildConfigurationList = CB1121E01E184A630001FB85 /* Build configuration list for PBXNativeTarget "Example Game" */;
			buildPhases = (
				CB1121C71E184A630001FB85 /* Sources */,
				CB1121C81E184A630001FB85 /* Frameworks */,
				CB1121C91E184A630001FB85 /* Resources */,
				CB495CD11E1986C600284473 /* Embed Frameworks */,
			);
			buildRules = (
			);
			dependencies = (
				CB495CC81E19840D00284473 /* PBXTargetDependency */,
				CB495CD01E1986C600284473 /* PBXTargetDependency */,
			);
			name = "Example Game";
			productName = "Example Game";
			productReference = CB1121CB1E184A630001FB85 /* Example Game.app */;
			productType = "com.apple.product-type.application";
		};
/* End PBXNativeTarget section */

/* Begin PBXProject section */
		CB1121C31E184A630001FB85 /* Project object */ = {
			isa = PBXProject;
			attributes = {
				LastSwiftUpdateCheck = 0820;
				LastUpgradeCheck = 0820;
				ORGANIZATIONNAME = "Charlie Imhoff";
				TargetAttributes = {
					CB1121CA1E184A630001FB85 = {
						CreatedOnToolsVersion = 8.2;
						ProvisioningStyle = Automatic;
					};
				};
			};
			buildConfigurationList = CB1121C61E184A630001FB85 /* Build configuration list for PBXProject "Example Game" */;
			compatibilityVersion = "Xcode 3.2";
			developmentRegion = English;
			hasScannedForEncodings = 0;
			knownRegions = (
				en,
				Base,
			);
			mainGroup = CB1121C21E184A630001FB85;
			productRefGroup = CB1121CC1E184A630001FB85 /* Products */;
			projectDirPath = "";
			projectReferences = (
				{
					ProductGroup = CB495CBF1E19839500284473 /* Products */;
					ProjectRef = CB1121E31E184A9B0001FB85 /* AntlerKit.xcodeproj */;
				},
			);
			projectRoot = "";
			targets = (
				CB1121CA1E184A630001FB85 /* Example Game */,
			);
		};
/* End PBXProject section */

/* Begin PBXReferenceProxy section */
		CB495CC41E19839600284473 /* AntlerKit.framework */ = {
			isa = PBXReferenceProxy;
			fileType = wrapper.framework;
			path = AntlerKit.framework;
			remoteRef = CB495CC31E19839600284473 /* PBXContainerItemProxy */;
			sourceTree = BUILT_PRODUCTS_DIR;
		};
		CB495CC61E19839600284473 /* AntlerKit.framework */ = {
			isa = PBXReferenceProxy;
			fileType = wrapper.framework;
			path = AntlerKit.framework;
			remoteRef = CB495CC51E19839600284473 /* PBXContainerItemProxy */;
			sourceTree = BUILT_PRODUCTS_DIR;
		};
		CB9B27D11EB3E033008F0A84 /* AntlerKitTests.xctest */ = {
			isa = PBXReferenceProxy;
			fileType = wrapper.cfbundle;
			path = AntlerKitTests.xctest;
			remoteRef = CB9B27D01EB3E033008F0A84 /* PBXContainerItemProxy */;
			sourceTree = BUILT_PRODUCTS_DIR;
		};
/* End PBXReferenceProxy section */

/* Begin PBXResourcesBuildPhase section */
		CB1121C91E184A630001FB85 /* Resources */ = {
			isa = PBXResourcesBuildPhase;
			buildActionMask = 2147483647;
			files = (
				CB1121D91E184A630001FB85 /* Assets.xcassets in Resources */,
				CB1121DC1E184A630001FB85 /* Main.storyboard in Resources */,
			);
			runOnlyForDeploymentPostprocessing = 0;
		};
/* End PBXResourcesBuildPhase section */

/* Begin PBXSourcesBuildPhase section */
		CB1121C71E184A630001FB85 /* Sources */ = {
			isa = PBXSourcesBuildPhase;
			buildActionMask = 2147483647;
			files = (
				CB495CCC1E1984A400284473 /* Player.swift in Sources */,
				CB495CCA1E19844C00284473 /* GameScene.swift in Sources */,
				CB1121D71E184A630001FB85 /* ViewController.swift in Sources */,
				CB1121CF1E184A630001FB85 /* AppDelegate.swift in Sources */,
			);
			runOnlyForDeploymentPostprocessing = 0;
		};
/* End PBXSourcesBuildPhase section */

/* Begin PBXTargetDependency section */
		CB495CC81E19840D00284473 /* PBXTargetDependency */ = {
			isa = PBXTargetDependency;
			name = "AntlerKit-macOS";
			targetProxy = CB495CC71E19840D00284473 /* PBXContainerItemProxy */;
		};
		CB495CD01E1986C600284473 /* PBXTargetDependency */ = {
			isa = PBXTargetDependency;
			name = "AntlerKit-macOS";
			targetProxy = CB495CCF1E1986C600284473 /* PBXContainerItemProxy */;
		};
/* End PBXTargetDependency section */

/* Begin PBXVariantGroup section */
		CB1121DA1E184A630001FB85 /* Main.storyboard */ = {
			isa = PBXVariantGroup;
			children = (
				CB1121DB1E184A630001FB85 /* Base */,
			);
			name = Main.storyboard;
			sourceTree = "<group>";
		};
/* End PBXVariantGroup section */

/* Begin XCBuildConfiguration section */
		CB1121DE1E184A630001FB85 /* Debug */ = {
			isa = XCBuildConfiguration;
			buildSettings = {
				ALWAYS_SEARCH_USER_PATHS = NO;
				CLANG_ANALYZER_NONNULL = YES;
				CLANG_CXX_LANGUAGE_STANDARD = "gnu++0x";
				CLANG_CXX_LIBRARY = "libc++";
				CLANG_ENABLE_MODULES = YES;
				CLANG_ENABLE_OBJC_ARC = YES;
				CLANG_WARN_BOOL_CONVERSION = YES;
				CLANG_WARN_CONSTANT_CONVERSION = YES;
				CLANG_WARN_DIRECT_OBJC_ISA_USAGE = YES_ERROR;
				CLANG_WARN_DOCUMENTATION_COMMENTS = YES;
				CLANG_WARN_EMPTY_BODY = YES;
				CLANG_WARN_ENUM_CONVERSION = YES;
				CLANG_WARN_INFINITE_RECURSION = YES;
				CLANG_WARN_INT_CONVERSION = YES;
				CLANG_WARN_OBJC_ROOT_CLASS = YES_ERROR;
				CLANG_WARN_SUSPICIOUS_MOVE = YES;
				CLANG_WARN_UNREACHABLE_CODE = YES;
				CLANG_WARN__DUPLICATE_METHOD_MATCH = YES;
				CODE_SIGN_IDENTITY = "-";
				COPY_PHASE_STRIP = NO;
				DEBUG_INFORMATION_FORMAT = dwarf;
				ENABLE_STRICT_OBJC_MSGSEND = YES;
				ENABLE_TESTABILITY = YES;
				GCC_C_LANGUAGE_STANDARD = gnu99;
				GCC_DYNAMIC_NO_PIC = NO;
				GCC_NO_COMMON_BLOCKS = YES;
				GCC_OPTIMIZATION_LEVEL = 0;
				GCC_PREPROCESSOR_DEFINITIONS = (
					"DEBUG=1",
					"$(inherited)",
				);
				GCC_WARN_64_TO_32_BIT_CONVERSION = YES;
				GCC_WARN_ABOUT_RETURN_TYPE = YES_ERROR;
				GCC_WARN_UNDECLARED_SELECTOR = YES;
				GCC_WARN_UNINITIALIZED_AUTOS = YES_AGGRESSIVE;
				GCC_WARN_UNUSED_FUNCTION = YES;
				GCC_WARN_UNUSED_VARIABLE = YES;
				MACOSX_DEPLOYMENT_TARGET = 10.12;
				MTL_ENABLE_DEBUG_INFO = YES;
				ONLY_ACTIVE_ARCH = YES;
				SDKROOT = macosx;
				SWIFT_ACTIVE_COMPILATION_CONDITIONS = DEBUG;
				SWIFT_OPTIMIZATION_LEVEL = "-Onone";
			};
			name = Debug;
		};
		CB1121DF1E184A630001FB85 /* Release */ = {
			isa = XCBuildConfiguration;
			buildSettings = {
				ALWAYS_SEARCH_USER_PATHS = NO;
				CLANG_ANALYZER_NONNULL = YES;
				CLANG_CXX_LANGUAGE_STANDARD = "gnu++0x";
				CLANG_CXX_LIBRARY = "libc++";
				CLANG_ENABLE_MODULES = YES;
				CLANG_ENABLE_OBJC_ARC = YES;
				CLANG_WARN_BOOL_CONVERSION = YES;
				CLANG_WARN_CONSTANT_CONVERSION = YES;
				CLANG_WARN_DIRECT_OBJC_ISA_USAGE = YES_ERROR;
				CLANG_WARN_DOCUMENTATION_COMMENTS = YES;
				CLANG_WARN_EMPTY_BODY = YES;
				CLANG_WARN_ENUM_CONVERSION = YES;
				CLANG_WARN_INFINITE_RECURSION = YES;
				CLANG_WARN_INT_CONVERSION = YES;
				CLANG_WARN_OBJC_ROOT_CLASS = YES_ERROR;
				CLANG_WARN_SUSPICIOUS_MOVE = YES;
				CLANG_WARN_UNREACHABLE_CODE = YES;
				CLANG_WARN__DUPLICATE_METHOD_MATCH = YES;
				CODE_SIGN_IDENTITY = "-";
				COPY_PHASE_STRIP = NO;
				DEBUG_INFORMATION_FORMAT = "dwarf-with-dsym";
				ENABLE_NS_ASSERTIONS = NO;
				ENABLE_STRICT_OBJC_MSGSEND = YES;
				GCC_C_LANGUAGE_STANDARD = gnu99;
				GCC_NO_COMMON_BLOCKS = YES;
				GCC_WARN_64_TO_32_BIT_CONVERSION = YES;
				GCC_WARN_ABOUT_RETURN_TYPE = YES_ERROR;
				GCC_WARN_UNDECLARED_SELECTOR = YES;
				GCC_WARN_UNINITIALIZED_AUTOS = YES_AGGRESSIVE;
				GCC_WARN_UNUSED_FUNCTION = YES;
				GCC_WARN_UNUSED_VARIABLE = YES;
				MACOSX_DEPLOYMENT_TARGET = 10.12;
				MTL_ENABLE_DEBUG_INFO = NO;
				SDKROOT = macosx;
				SWIFT_OPTIMIZATION_LEVEL = "-Owholemodule";
			};
			name = Release;
		};
		CB1121E11E184A630001FB85 /* Debug */ = {
			isa = XCBuildConfiguration;
			buildSettings = {
				ALWAYS_EMBED_SWIFT_STANDARD_LIBRARIES = YES;
				ASSETCATALOG_COMPILER_APPICON_NAME = AppIcon;
				COMBINE_HIDPI_IMAGES = YES;
				INFOPLIST_FILE = "Example Game/Info.plist";
				LD_RUNPATH_SEARCH_PATHS = "$(inherited) @executable_path/../Frameworks";
				PRODUCT_BUNDLE_IDENTIFIER = "cpimhoff.Example-Game";
				PRODUCT_NAME = "$(TARGET_NAME)";
				SWIFT_VERSION = 3.0;
			};
			name = Debug;
		};
		CB1121E21E184A630001FB85 /* Release */ = {
			isa = XCBuildConfiguration;
			buildSettings = {
				ALWAYS_EMBED_SWIFT_STANDARD_LIBRARIES = YES;
				ASSETCATALOG_COMPILER_APPICON_NAME = AppIcon;
				COMBINE_HIDPI_IMAGES = YES;
				INFOPLIST_FILE = "Example Game/Info.plist";
				LD_RUNPATH_SEARCH_PATHS = "$(inherited) @executable_path/../Frameworks";
				PRODUCT_BUNDLE_IDENTIFIER = "cpimhoff.Example-Game";
				PRODUCT_NAME = "$(TARGET_NAME)";
				SWIFT_VERSION = 3.0;
			};
			name = Release;
		};
/* End XCBuildConfiguration section */

/* Begin XCConfigurationList section */
		CB1121C61E184A630001FB85 /* Build configuration list for PBXProject "Example Game" */ = {
			isa = XCConfigurationList;
			buildConfigurations = (
				CB1121DE1E184A630001FB85 /* Debug */,
				CB1121DF1E184A630001FB85 /* Release */,
			);
			defaultConfigurationIsVisible = 0;
			defaultConfigurationName = Release;
		};
		CB1121E01E184A630001FB85 /* Build configuration list for PBXNativeTarget "Example Game" */ = {
			isa = XCConfigurationList;
			buildConfigurations = (
				CB1121E11E184A630001FB85 /* Debug */,
				CB1121E21E184A630001FB85 /* Release */,
			);
			defaultConfigurationIsVisible = 0;
			defaultConfigurationName = Release;
		};
/* End XCConfigurationList section */
	};
	rootObject = CB1121C31E184A630001FB85 /* Project object */;
}
